
Microsoft Visual Studio Solution File, Format Version 12.00
# Visual Studio 15
VisualStudioVersion = 15.0.28010.2003
MinimumVisualStudioVersion = 10.0.40219.1
Project("{FAE04EC0-301F-11D3-BF4B-00C04F79EFBC}") = "Migration", "Migration\Migration.csproj", "{FBE23A29-9789-4B10-9AC5-17E4E2D0A08A}"
EndProject
Global
	GlobalSection(SolutionConfigurationPlatforms) = preSolution
		Debug|Any CPU = Debug|Any CPU
		Release|Any CPU = Release|Any CPU
	EndGlobalSection
	GlobalSection(ProjectConfigurationPlatforms) = postSolution
		{FBE23A29-9789-4B10-9AC5-17E4E2D0A08A}.Debug|Any CPU.ActiveCfg = Debug|Any CPU
		{FBE23A29-9789-4B10-9AC5-17E4E2D0A08A}.Debug|Any CPU.Build.0 = Debug|Any CPU
		{FBE23A29-9789-4B10-9AC5-17E4E2D0A08A}.Release|Any CPU.ActiveCfg = Release|Any CPU
		{FBE23A29-9789-4B10-9AC5-17E4E2D0A08A}.Release|Any CPU.Build.0 = Release|Any CPU
	EndGlobalSection
	GlobalSection(SolutionProperties) = preSolution
		HideSolutionNode = FALSE
	EndGlobalSection
	GlobalSection(ExtensibilityGlobals) = postSolution
		SolutionGuid = {31CDD91B-6C44-484E-A952-E912FC3426C0}
	EndGlobalSection
EndGlobal
